{
  "nodes": {
    "nixpkgs": {
      "locked": {
        "lastModified": 1787753485,
        "narHash": "sha256-mGPB6ofYpLaHyCO7tI0L1hCb69lsY0t7dqIsYIhXP7Y=",
        "rev": "062346a6d85bc4b49dfaa61c986e9c5be21217d1",
        "type": "tarball",
        "url": "https://releases.nixos.org/nixos/26.05/nixos-26.05.8477.062346a6d85b/nixexprs.tar.xz"
      },
      "original": {
        "id": "nixpkgs",
        "ref": "nixos-26.05",
        "type": "indirect"
      }
    },
    "root": {
      "inputs": {
        "nixpkgs": "nixpkgs"
      }
    }
  },
  "root": "root",
  "version": 7
}
